
Microsoft Visual Studio Solution File, Format Version 12.00
# Visual Studio 15
VisualStudioVersion = 15.0.27428.2005
MinimumVisualStudioVersion = 10.0.40219.1
Project("{FAE04EC0-301F-11D3-BF4B-00C04F79EFBC}") = "NullRefBot", "NullRefBot\NullRefBot.csproj", "{3039211B-5DEC-4341-8381-12A5144259C7}"
EndProject
Global
	GlobalSection(SolutionConfigurationPlatforms) = preSolution
		Debug|Any CPU = Debug|Any CPU
		Release|Any CPU = Release|Any CPU
	EndGlobalSection
	GlobalSection(ProjectConfigurationPlatforms) = postSolution
		{3039211B-5DEC-4341-8381-12A5144259C7}.Debug|Any CPU.ActiveCfg = Debug|Any CPU
		{3039211B-5DEC-4341-8381-12A5144259C7}.Debug|Any CPU.Build.0 = Debug|Any CPU
		{3039211B-5DEC-4341-8381-12A5144259C7}.Release|Any CPU.ActiveCfg = Release|Any CPU
		{3039211B-5DEC-4341-8381-12A5144259C7}.Release|Any CPU.Build.0 = Release|Any CPU
	EndGlobalSection
	GlobalSection(SolutionProperties) = preSolution
		HideSolutionNode = FALSE
	EndGlobalSection
	GlobalSection(ExtensibilityGlobals) = postSolution
		SolutionGuid = {1AD30AE6-D274-443E-A784-CD45DDD600DA}
	EndGlobalSection
EndGlobal
